// !$*UTF8*$!
{
	archiveVersion = 1;
	classes = {
	};
	objectVersion = 56;
	objects = {

/* Begin PBXBuildFile section */
		3453D64529E5F0F700D3D603 /* MyOwnCardialApp.swift in Sources */ = {isa = PBXBuildFile; fileRef = 3453D64429E5F0F700D3D603 /* MyOwnCardialApp.swift */; };
		3453D64729E5F0F700D3D603 /* ContentView.swift in Sources */ = {isa = PBXBuildFile; fileRef = 3453D64629E5F0F700D3D603 /* ContentView.swift */; };
		3453D64929E5F0F800D3D603 /* Assets.xcassets in Resources */ = {isa = PBXBuildFile; fileRef = 3453D64829E5F0F800D3D603 /* Assets.xcassets */; };
		3453D64C29E5F0F800D3D603 /* Preview Assets.xcassets in Resources */ = {isa = PBXBuildFile; fileRef = 3453D64B29E5F0F800D3D603 /* Preview Assets.xcassets */; };
		3453D65629E5F0F800D3D603 /* MyOwnCardialTests.swift in Sources */ = {isa = PBXBuildFile; fileRef = 3453D65529E5F0F800D3D603 /* MyOwnCardialTests.swift */; };
		3453D66029E5F0F800D3D603 /* MyOwnCardialUITests.swift in Sources */ = {isa = PBXBuildFile; fileRef = 3453D65F29E5F0F800D3D603 /* MyOwnCardialUITests.swift */; };
		3453D66229E5F0F800D3D603 /* MyOwnCardialUITestsLaunchTests.swift in Sources */ = {isa = PBXBuildFile; fileRef = 3453D66129E5F0F800D3D603 /* MyOwnCardialUITestsLaunchTests.swift */; };
		34FDB59429FE53CD0092813D /* WebView.swift in Sources */ = {isa = PBXBuildFile; fileRef = 34FDB59329FE53CD0092813D /* WebView.swift */; };
/* End PBXBuildFile section */

/* Begin PBXContainerItemProxy section */
		3453D65229E5F0F800D3D603 /* PBXContainerItemProxy */ = {
			isa = PBXContainerItemProxy;
			containerPortal = 3453D63929E5F0F700D3D603 /* Project object */;
			proxyType = 1;
			remoteGlobalIDString = 3453D64029E5F0F700D3D603;
			remoteInfo = MyOwnCardial;
		};
		3453D65C29E5F0F800D3D603 /* PBXContainerItemProxy */ = {
			isa = PBXContainerItemProxy;
			containerPortal = 3453D63929E5F0F700D3D603 /* Project object */;
			proxyType = 1;
			remoteGlobalIDString = 3453D64029E5F0F700D3D603;
			remoteInfo = MyOwnCardial;
		};
/* End PBXContainerItemProxy section */

/* Begin PBXFileReference section */
		3453D64129E5F0F700D3D603 /* MyOwnCardial.app */ = {isa = PBXFileReference; explicitFileType = wrapper.application; includeInIndex = 0; path = MyOwnCardial.app; sourceTree = BUILT_PRODUCTS_DIR; };
		3453D64429E5F0F700D3D603 /* MyOwnCardialApp.swift */ = {isa = PBXFileReference; lastKnownFileType = sourcecode.swift; path = MyOwnCardialApp.swift; sourceTree = "<group>"; };
		3453D64629E5F0F700D3D603 /* ContentView.swift */ = {isa = PBXFileReference; lastKnownFileType = sourcecode.swift; path = ContentView.swift; sourceTree = "<group>"; };
		3453D64829E5F0F800D3D603 /* Assets.xcassets */ = {isa = PBXFileReference; lastKnownFileType = folder.assetcatalog; path = Assets.xcassets; sourceTree = "<group>"; };
		3453D64B29E5F0F800D3D603 /* Preview Assets.xcassets */ = {isa = PBXFileReference; lastKnownFileType = folder.assetcatalog; path = "Preview Assets.xcassets"; sourceTree = "<group>"; };
		3453D65129E5F0F800D3D603 /* MyOwnCardialTests.xctest */ = {isa = PBXFileReference; explicitFileType = wrapper.cfbundle; includeInIndex = 0; path = MyOwnCardialTests.xctest; sourceTree = BUILT_PRODUCTS_DIR; };
		3453D65529E5F0F800D3D603 /* MyOwnCardialTests.swift */ = {isa = PBXFileReference; lastKnownFileType = sourcecode.swift; path = MyOwnCardialTests.swift; sourceTree = "<group>"; };
		3453D65B29E5F0F800D3D603 /* MyOwnCardialUITests.xctest */ = {isa = PBXFileReference; explicitFileType = wrapper.cfbundle; includeInIndex = 0; path = MyOwnCardialUITests.xctest; sourceTree = BUILT_PRODUCTS_DIR; };
		3453D65F29E5F0F800D3D603 /* MyOwnCardialUITests.swift */ = {isa = PBXFileReference; lastKnownFileType = sourcecode.swift; path = MyOwnCardialUITests.swift; sourceTree = "<group>"; };
		3453D66129E5F0F800D3D603 /* MyOwnCardialUITestsLaunchTests.swift */ = {isa = PBXFileReference; lastKnownFileType = sourcecode.swift; path = MyOwnCardialUITestsLaunchTests.swift; sourceTree = "<group>"; };
		34FDB59329FE53CD0092813D /* WebView.swift */ = {isa = PBXFileReference; lastKnownFileType = sourcecode.swift; path = WebView.swift; sourceTree = "<group>"; };
/* End PBXFileReference section */

/* Begin PBXFrameworksBuildPhase section */
		3453D63E29E5F0F700D3D603 /* Frameworks */ = {
			isa = PBXFrameworksBuildPhase;
			buildActionMask = 2147483647;
			files = (
			);
			runOnlyForDeploymentPostprocessing = 0;
		};
		3453D64E29E5F0F800D3D603 /* Frameworks */ = {
			isa = PBXFrameworksBuildPhase;
			buildActionMask = 2147483647;
			files = (
			);
			runOnlyForDeploymentPostprocessing = 0;
		};
		3453D65829E5F0F800D3D603 /* Frameworks */ = {
			isa = PBXFrameworksBuildPhase;
			buildActionMask = 2147483647;
			files = (
			);
			runOnlyForDeploymentPostprocessing = 0;
		};
/* End PBXFrameworksBuildPhase section */

/* Begin PBXGroup section */
		3453D63829E5F0F700D3D603 = {
			isa = PBXGroup;
			children = (
				3453D64329E5F0F700D3D603 /* MyOwnCardial */,
				3453D65429E5F0F800D3D603 /* MyOwnCardialTests */,
				3453D65E29E5F0F800D3D603 /* MyOwnCardialUITests */,
				3453D64229E5F0F700D3D603 /* Products */,
			);
			sourceTree = "<group>";
		};
		3453D64229E5F0F700D3D603 /* Products */ = {
			isa = PBXGroup;
			children = (
				3453D64129E5F0F700D3D603 /* MyOwnCardial.app */,
				3453D65129E5F0F800D3D603 /* MyOwnCardialTests.xctest */,
				3453D65B29E5F0F800D3D603 /* MyOwnCardialUITests.xctest */,
			);
			name = Products;
			sourceTree = "<group>";
		};
		3453D64329E5F0F700D3D603 /* MyOwnCardial */ = {
			isa = PBXGroup;
			children = (
				3453D64429E5F0F700D3D603 /* MyOwnCardialApp.swift */,
				3453D64629E5F0F700D3D603 /* ContentView.swift */,
				34FDB59329FE53CD0092813D /* WebView.swift */,
				3453D64A29E5F0F800D3D603 /* Preview Content */,
				3453D64829E5F0F800D3D603 /* Assets.xcassets */,
			);
			path = MyOwnCardial;
			sourceTree = "<group>";
		};
		3453D64A29E5F0F800D3D603 /* Preview Content */ = {
			isa = PBXGroup;
			children = (
				3453D64B29E5F0F800D3D603 /* Preview Assets.xcassets */,
			);
			path = "Preview Content";
			sourceTree = "<group>";
		};
		3453D65429E5F0F800D3D603 /* MyOwnCardialTests */ = {
			isa = PBXGroup;
			children = (
				3453D65529E5F0F800D3D603 /* MyOwnCardialTests.swift */,
			);
			path = MyOwnCardialTests;
			sourceTree = "<group>";
		};
		3453D65E29E5F0F800D3D603 /* MyOwnCardialUITests */ = {
			isa = PBXGroup;
			children = (
				3453D65F29E5F0F800D3D603 /* MyOwnCardialUITests.swift */,
				3453D66129E5F0F800D3D603 /* MyOwnCardialUITestsLaunchTests.swift */,
			);
			path = MyOwnCardialUITests;
			sourceTree = "<group>";
		};
/* End PBXGroup section */

/* Begin PBXNativeTarget section */
		3453D64029E5F0F700D3D603 /* MyOwnCardial */ = {
			isa = PBXNativeTarget;
			buildConfigurationList = 3453D66529E5F0F800D3D603 /* Build configuration list for PBXNativeTarget "MyOwnCardial" */;
			buildPhases = (
				3453D63D29E5F0F700D3D603 /* Sources */,
				3453D63E29E5F0F700D3D603 /* Frameworks */,
				3453D63F29E5F0F700D3D603 /* Resources */,
			);
			buildRules = (
			);
			dependencies = (
			);
			name = MyOwnCardial;
			productName = MyOwnCardial;
			productReference = 3453D64129E5F0F700D3D603 /* MyOwnCardial.app */;
			productType = "com.apple.product-type.application";
		};
		3453D65029E5F0F800D3D603 /* MyOwnCardialTests */ = {
			isa = PBXNativeTarget;
			buildConfigurationList = 3453D66829E5F0F800D3D603 /* Build configuration list for PBXNativeTarget "MyOwnCardialTests" */;
			buildPhases = (
				3453D64D29E5F0F800D3D603 /* Sources */,
				3453D64E29E5F0F800D3D603 /* Frameworks */,
				3453D64F29E5F0F800D3D603 /* Resources */,
			);
			buildRules = (
			);
			dependencies = (
				3453D65329E5F0F800D3D603 /* PBXTargetDependency */,
			);
			name = MyOwnCardialTests;
			productName = MyOwnCardialTests;
			productReference = 3453D65129E5F0F800D3D603 /* MyOwnCardialTests.xctest */;
			productType = "com.apple.product-type.bundle.unit-test";
		};
		3453D65A29E5F0F800D3D603 /* MyOwnCardialUITests */ = {
			isa = PBXNativeTarget;
			buildConfigurationList = 3453D66B29E5F0F800D3D603 /* Build configuration list for PBXNativeTarget "MyOwnCardialUITests" */;
			buildPhases = (
				3453D65729E5F0F800D3D603 /* Sources */,
				3453D65829E5F0F800D3D603 /* Frameworks */,
				3453D65929E5F0F800D3D603 /* Resources */,
			);
			buildRules = (
			);
			dependencies = (
				3453D65D29E5F0F800D3D603 /* PBXTargetDependency */,
			);
			name = MyOwnCardialUITests;
			productName = MyOwnCardialUITests;
			productReference = 3453D65B29E5F0F800D3D603 /* MyOwnCardialUITests.xctest */;
			productType = "com.apple.product-type.bundle.ui-testing";
		};
/* End PBXNativeTarget section */

/* Begin PBXProject section */
		3453D63929E5F0F700D3D603 /* Project object */ = {
			isa = PBXProject;
			attributes = {
				BuildIndependentTargetsInParallel = 1;
				LastSwiftUpdateCheck = 1430;
				LastUpgradeCheck = 1430;
				TargetAttributes = {
					3453D64029E5F0F700D3D603 = {
						CreatedOnToolsVersion = 14.3;
					};
					3453D65029E5F0F800D3D603 = {
						CreatedOnToolsVersion = 14.3;
						TestTargetID = 3453D64029E5F0F700D3D603;
					};
					3453D65A29E5F0F800D3D603 = {
						CreatedOnToolsVersion = 14.3;
						TestTargetID = 3453D64029E5F0F700D3D603;
					};
				};
			};
			buildConfigurationList = 3453D63C29E5F0F700D3D603 /* Build configuration list for PBXProject "MyOwnCardial" */;
			compatibilityVersion = "Xcode 14.0";
			developmentRegion = en;
			hasScannedForEncodings = 0;
			knownRegions = (
				en,
				Base,
			);
			mainGroup = 3453D63829E5F0F700D3D603;
			productRefGroup = 3453D64229E5F0F700D3D603 /* Products */;
			projectDirPath = "";
			projectRoot = "";
			targets = (
				3453D64029E5F0F700D3D603 /* MyOwnCardial */,
				3453D65029E5F0F800D3D603 /* MyOwnCardialTests */,
				3453D65A29E5F0F800D3D603 /* MyOwnCardialUITests */,
			);
		};
/* End PBXProject section */

/* Begin PBXResourcesBuildPhase section */
		3453D63F29E5F0F700D3D603 /* Resources */ = {
			isa = PBXResourcesBuildPhase;
			buildActionMask = 2147483647;
			files = (
				3453D64C29E5F0F800D3D603 /* Preview Assets.xcassets in Resources */,
				3453D64929E5F0F800D3D603 /* Assets.xcassets in Resources */,
			);
			runOnlyForDeploymentPostprocessing = 0;
		};
		3453D64F29E5F0F800D3D603 /* Resources */ = {
			isa = PBXResourcesBuildPhase;
			buildActionMask = 2147483647;
			files = (
			);
			runOnlyForDeploymentPostprocessing = 0;
		};
		3453D65929E5F0F800D3D603 /* Resources */ = {
			isa = PBXResourcesBuildPhase;
			buildActionMask = 2147483647;
			files = (
			);
			runOnlyForDeploymentPostprocessing = 0;
		};
/* End PBXResourcesBuildPhase section */

/* Begin PBXSourcesBuildPhase section */
		3453D63D29E5F0F700D3D603 /* Sources */ = {
			isa = PBXSourcesBuildPhase;
			buildActionMask = 2147483647;
			files = (
				34FDB59429FE53CD0092813D /* WebView.swift in Sources */,
				3453D64729E5F0F700D3D603 /* ContentView.swift in Sources */,
				3453D64529E5F0F700D3D603 /* MyOwnCardialApp.swift in Sources */,
			);
			runOnlyForDeploymentPostprocessing = 0;
		};
		3453D64D29E5F0F800D3D603 /* Sources */ = {
			isa = PBXSourcesBuildPhase;
			buildActionMask = 2147483647;
			files = (
				3453D65629E5F0F800D3D603 /* MyOwnCardialTests.swift in Sources */,
			);
			runOnlyForDeploymentPostprocessing = 0;
		};
		3453D65729E5F0F800D3D603 /* Sources */ = {
			isa = PBXSourcesBuildPhase;
			buildActionMask = 2147483647;
			files = (
				3453D66229E5F0F800D3D603 /* MyOwnCardialUITestsLaunchTests.swift in Sources */,
				3453D66029E5F0F800D3D603 /* MyOwnCardialUITests.swift in Sources */,
			);
			runOnlyForDeploymentPostprocessing = 0;
		};
/* End PBXSourcesBuildPhase section */

/* Begin PBXTargetDependency section */
		3453D65329E5F0F800D3D603 /* PBXTargetDependency */ = {
			isa = PBXTargetDependency;
			target = 3453D64029E5F0F700D3D603 /* MyOwnCardial */;
			targetProxy = 3453D65229E5F0F800D3D603 /* PBXContainerItemProxy */;
		};
		3453D65D29E5F0F800D3D603 /* PBXTargetDependency */ = {
			isa = PBXTargetDependency;
			target = 3453D64029E5F0F700D3D603 /* MyOwnCardial */;
			targetProxy = 3453D65C29E5F0F800D3D603 /* PBXContainerItemProxy */;
		};
/* End PBXTargetDependency section */

/* Begin XCBuildConfiguration section */
		3453D66329E5F0F800D3D603 /* Debug */ = {
			isa = XCBuildConfiguration;
			buildSettings = {
				ALWAYS_SEARCH_USER_PATHS = NO;
				CLANG_ANALYZER_NONNULL = YES;
				CLANG_ANALYZER_NUMBER_OBJECT_CONVERSION = YES_AGGRESSIVE;
				CLANG_CXX_LANGUAGE_STANDARD = "gnu++20";
				CLANG_ENABLE_MODULES = YES;
				CLANG_ENABLE_OBJC_ARC = YES;
				CLANG_ENABLE_OBJC_WEAK = YES;
				CLANG_WARN_BLOCK_CAPTURE_AUTORELEASING = YES;
				CLANG_WARN_BOOL_CONVERSION = YES;
				CLANG_WARN_COMMA = YES;
				CLANG_WARN_CONSTANT_CONVERSION = YES;
				CLANG_WARN_DEPRECATED_OBJC_IMPLEMENTATIONS = YES;
				CLANG_WARN_DIRECT_OBJC_ISA_USAGE = YES_ERROR;
				CLANG_WARN_DOCUMENTATION_COMMENTS = YES;
				CLANG_WARN_EMPTY_BODY = YES;
				CLANG_WARN_ENUM_CONVERSION = YES;
				CLANG_WARN_INFINITE_RECURSION = YES;
				CLANG_WARN_INT_CONVERSION = YES;
				CLANG_WARN_NON_LITERAL_NULL_CONVERSION = YES;
				CLANG_WARN_OBJC_IMPLICIT_RETAIN_SELF = YES;
				CLANG_WARN_OBJC_LITERAL_CONVERSION = YES;
				CLANG_WARN_OBJC_ROOT_CLASS = YES_ERROR;
				CLANG_WARN_QUOTED_INCLUDE_IN_FRAMEWORK_HEADER = YES;
				CLANG_WARN_RANGE_LOOP_ANALYSIS = YES;
				CLANG_WARN_STRICT_PROTOTYPES = YES;
				CLANG_WARN_SUSPICIOUS_MOVE = YES;
				CLANG_WARN_UNGUARDED_AVAILABILITY = YES_AGGRESSIVE;
				CLANG_WARN_UNREACHABLE_CODE = YES;
				CLANG_WARN__DUPLICATE_METHOD_MATCH = YES;
				COPY_PHASE_STRIP = NO;
				DEBUG_INFORMATION_FORMAT = dwarf;
				ENABLE_STRICT_OBJC_MSGSEND = YES;
				ENABLE_TESTABILITY = YES;
				GCC_C_LANGUAGE_STANDARD = gnu11;
				GCC_DYNAMIC_NO_PIC = NO;
				GCC_NO_COMMON_BLOCKS = YES;
				GCC_OPTIMIZATION_LEVEL = 0;
				GCC_PREPROCESSOR_DEFINITIONS = (
					"DEBUG=1",
					"$(inherited)",
				);
				GCC_WARN_64_TO_32_BIT_CONVERSION = YES;
				GCC_WARN_ABOUT_RETURN_TYPE = YES_ERROR;
				GCC_WARN_UNDECLARED_SELECTOR = YES;
				GCC_WARN_UNINITIALIZED_AUTOS = YES_AGGRESSIVE;
				GCC_WARN_UNUSED_FUNCTION = YES;
				GCC_WARN_UNUSED_VARIABLE = YES;
				IPHONEOS_DEPLOYMENT_TARGET = 16.4;
				MTL_ENABLE_DEBUG_INFO = INCLUDE_SOURCE;
				MTL_FAST_MATH = YES;
				ONLY_ACTIVE_ARCH = YES;
				SDKROOT = iphoneos;
				SWIFT_ACTIVE_COMPILATION_CONDITIONS = DEBUG;
				SWIFT_OPTIMIZATION_LEVEL = "-Onone";
			};
			name = Debug;
		};
		3453D66429E5F0F800D3D603 /* Release */ = {
			isa = XCBuildConfiguration;
			buildSettings = {
				ALWAYS_SEARCH_USER_PATHS = NO;
				CLANG_ANALYZER_NONNULL = YES;
				CLANG_ANALYZER_NUMBER_OBJECT_CONVERSION = YES_AGGRESSIVE;
				CLANG_CXX_LANGUAGE_STANDARD = "gnu++20";
				CLANG_ENABLE_MODULES = YES;
				CLANG_ENABLE_OBJC_ARC = YES;
				CLANG_ENABLE_OBJC_WEAK = YES;
				CLANG_WARN_BLOCK_CAPTURE_AUTORELEASING = YES;
				CLANG_WARN_BOOL_CONVERSION = YES;
				CLANG_WARN_COMMA = YES;
				CLANG_WARN_CONSTANT_CONVERSION = YES;
				CLANG_WARN_DEPRECATED_OBJC_IMPLEMENTATIONS = YES;
				CLANG_WARN_DIRECT_OBJC_ISA_USAGE = YES_ERROR;
				CLANG_WARN_DOCUMENTATION_COMMENTS = YES;
				CLANG_WARN_EMPTY_BODY = YES;
				CLANG_WARN_ENUM_CONVERSION = YES;
				CLANG_WARN_INFINITE_RECURSION = YES;
				CLANG_WARN_INT_CONVERSION = YES;
				CLANG_WARN_NON_LITERAL_NULL_CONVERSION = YES;
				CLANG_WARN_OBJC_IMPLICIT_RETAIN_SELF = YES;
				CLANG_WARN_OBJC_LITERAL_CONVERSION = YES;
				CLANG_WARN_OBJC_ROOT_CLASS = YES_ERROR;
				CLANG_WARN_QUOTED_INCLUDE_IN_FRAMEWORK_HEADER = YES;
				CLANG_WARN_RANGE_LOOP_ANALYSIS = YES;
				CLANG_WARN_STRICT_PROTOTYPES = YES;
				CLANG_WARN_SUSPICIOUS_MOVE = YES;
				CLANG_WARN_UNGUARDED_AVAILABILITY = YES_AGGRESSIVE;
				CLANG_WARN_UNREACHABLE_CODE = YES;
				CLANG_WARN__DUPLICATE_METHOD_MATCH = YES;
				COPY_PHASE_STRIP = NO;
				DEBUG_INFORMATION_FORMAT = "dwarf-with-dsym";
				ENABLE_NS_ASSERTIONS = NO;
				ENABLE_STRICT_OBJC_MSGSEND = YES;
				GCC_C_LANGUAGE_STANDARD = gnu11;
				GCC_NO_COMMON_BLOCKS = YES;
				GCC_WARN_64_TO_32_BIT_CONVERSION = YES;
				GCC_WARN_ABOUT_RETURN_TYPE = YES_ERROR;
				GCC_WARN_UNDECLARED_SELECTOR = YES;
				GCC_WARN_UNINITIALIZED_AUTOS = YES_AGGRESSIVE;
				GCC_WARN_UNUSED_FUNCTION = YES;
				GCC_WARN_UNUSED_VARIABLE = YES;
				IPHONEOS_DEPLOYMENT_TARGET = 16.4;
				MTL_ENABLE_DEBUG_INFO = NO;
				MTL_FAST_MATH = YES;
				SDKROOT = iphoneos;
				SWIFT_COMPILATION_MODE = wholemodule;
				SWIFT_OPTIMIZATION_LEVEL = "-O";
				VALIDATE_PRODUCT = YES;
			};
			name = Release;
		};
		3453D66629E5F0F800D3D603 /* Debug */ = {
			isa = XCBuildConfiguration;
			buildSettings = {
				ASSETCATALOG_COMPILER_APPICON_NAME = AppIcon;
				ASSETCATALOG_COMPILER_GLOBAL_ACCENT_COLOR_NAME = AccentColor;
				CODE_SIGN_STYLE = Automatic;
				CURRENT_PROJECT_VERSION = 1;
				DEVELOPMENT_ASSET_PATHS = "\"MyOwnCardial/Preview Content\"";
				DEVELOPMENT_TEAM = 346P793MFP;
				ENABLE_PREVIEWS = YES;
				GENERATE_INFOPLIST_FILE = YES;
				INFOPLIST_KEY_CFBundleDisplayName = MyOwnCardial;
				INFOPLIST_KEY_LSApplicationCategoryType = "public.app-category.healthcare-fitness";
				INFOPLIST_KEY_UIApplicationSceneManifest_Generation = YES;
				INFOPLIST_KEY_UIApplicationSupportsIndirectInputEvents = YES;
				INFOPLIST_KEY_UILaunchScreen_Generation = YES;
				INFOPLIST_KEY_UISupportedInterfaceOrientations_iPad = "UIInterfaceOrientationPortrait UIInterfaceOrientationPortraitUpsideDown UIInterfaceOrientationLandscapeLeft UIInterfaceOrientationLandscapeRight";
				INFOPLIST_KEY_UISupportedInterfaceOrientations_iPhone = "UIInterfaceOrientationPortrait UIInterfaceOrientationLandscapeLeft UIInterfaceOrientationLandscapeRight";
				LD_RUNPATH_SEARCH_PATHS = (
					"$(inherited)",
					"@executable_path/Frameworks",
				);
				MARKETING_VERSION = 1.0;
				PRODUCT_BUNDLE_IDENTIFIER = CS596.MyOwnCardial;
				PRODUCT_NAME = "$(TARGET_NAME)";
				SWIFT_EMIT_LOC_STRINGS = YES;
				SWIFT_VERSION = 5.0;
				TARGETED_DEVICE_FAMILY = "1,2";
			};
			name = Debug;
		};
		3453D66729E5F0F800D3D603 /* Release */ = {
			isa = XCBuildConfiguration;
			buildSettings = {
				ASSETCATALOG_COMPILER_APPICON_NAME = AppIcon;
				ASSETCATALOG_COMPILER_GLOBAL_ACCENT_COLOR_NAME = AccentColor;
				CODE_SIGN_STYLE = Automatic;
				CURRENT_PROJECT_VERSION = 1;
				DEVELOPMENT_ASSET_PATHS = "\"MyOwnCardial/Preview Content\"";
				DEVELOPMENT_TEAM = 346P793MFP;
				ENABLE_PREVIEWS = YES;
				GENERATE_INFOPLIST_FILE = YES;
				INFOPLIST_KEY_CFBundleDisplayName = MyOwnCardial;
				INFOPLIST_KEY_LSApplicationCategoryType = "public.app-category.healthcare-fitness";
				INFOPLIST_KEY_UIApplicationSceneManifest_Generation = YES;
				INFOPLIST_KEY_UIApplicationSupportsIndirectInputEvents = YES;
				INFOPLIST_KEY_UILaunchScreen_Generation = YES;
				INFOPLIST_KEY_UISupportedInterfaceOrientations_iPad = "UIInterfaceOrientationPortrait UIInterfaceOrientationPortraitUpsideDown UIInterfaceOrientationLandscapeLeft UIInterfaceOrientationLandscapeRight";
				INFOPLIST_KEY_UISupportedInterfaceOrientations_iPhone = "UIInterfaceOrientationPortrait UIInterfaceOrientationLandscapeLeft UIInterfaceOrientationLandscapeRight";
				LD_RUNPATH_SEARCH_PATHS = (
					"$(inherited)",
					"@executable_path/Frameworks",
				);
				MARKETING_VERSION = 1.0;
				PRODUCT_BUNDLE_IDENTIFIER = CS596.MyOwnCardial;
				PRODUCT_NAME = "$(TARGET_NAME)";
				SWIFT_EMIT_LOC_STRINGS = YES;
				SWIFT_VERSION = 5.0;
				TARGETED_DEVICE_FAMILY = "1,2";
			};
			name = Release;
		};
		3453D66929E5F0F800D3D603 /* Debug */ = {
			isa = XCBuildConfiguration;
			buildSettings = {
				ALWAYS_EMBED_SWIFT_STANDARD_LIBRARIES = YES;
				BUNDLE_LOADER = "$(TEST_HOST)";
				CODE_SIGN_STYLE = Automatic;
				CURRENT_PROJECT_VERSION = 1;
				DEVELOPMENT_TEAM = 346P793MFP;
				GENERATE_INFOPLIST_FILE = YES;
				IPHONEOS_DEPLOYMENT_TARGET = 16.4;
				MARKETING_VERSION = 1.0;
				PRODUCT_BUNDLE_IDENTIFIER = CS596.MyOwnCardialTests;
				PRODUCT_NAME = "$(TARGET_NAME)";
				SWIFT_EMIT_LOC_STRINGS = NO;
				SWIFT_VERSION = 5.0;
				TARGETED_DEVICE_FAMILY = "1,2";
				TEST_HOST = "$(BUILT_PRODUCTS_DIR)/MyOwnCardial.app/$(BUNDLE_EXECUTABLE_FOLDER_PATH)/MyOwnCardial";
			};
			name = Debug;
		};
		3453D66A29E5F0F800D3D603 /* Release */ = {
			isa = XCBuildConfiguration;
			buildSettings = {
				ALWAYS_EMBED_SWIFT_STANDARD_LIBRARIES = YES;
				BUNDLE_LOADER = "$(TEST_HOST)";
				CODE_SIGN_STYLE = Automatic;
				CURRENT_PROJECT_VERSION = 1;
				DEVELOPMENT_TEAM = 346P793MFP;
				GENERATE_INFOPLIST_FILE = YES;
				IPHONEOS_DEPLOYMENT_TARGET = 16.4;
				MARKETING_VERSION = 1.0;
				PRODUCT_BUNDLE_IDENTIFIER = CS596.MyOwnCardialTests;
				PRODUCT_NAME = "$(TARGET_NAME)";
				SWIFT_EMIT_LOC_STRINGS = NO;
				SWIFT_VERSION = 5.0;
				TARGETED_DEVICE_FAMILY = "1,2";
				TEST_HOST = "$(BUILT_PRODUCTS_DIR)/MyOwnCardial.app/$(BUNDLE_EXECUTABLE_FOLDER_PATH)/MyOwnCardial";
			};
			name = Release;
		};
		3453D66C29E5F0F800D3D603 /* Debug */ = {
			isa = XCBuildConfiguration;
			buildSettings = {
				ALWAYS_EMBED_SWIFT_STANDARD_LIBRARIES = YES;
				CODE_SIGN_STYLE = Automatic;
				CURRENT_PROJECT_VERSION = 1;
				DEVELOPMENT_TEAM = 346P793MFP;
				GENERATE_INFOPLIST_FILE = YES;
				MARKETING_VERSION = 1.0;
				PRODUCT_BUNDLE_IDENTIFIER = CS596.MyOwnCardialUITests;
				PRODUCT_NAME = "$(TARGET_NAME)";
				SWIFT_EMIT_LOC_STRINGS = NO;
				SWIFT_VERSION = 5.0;
				TARGETED_DEVICE_FAMILY = "1,2";
				TEST_TARGET_NAME = MyOwnCardial;
			};
			name = Debug;
		};
		3453D66D29E5F0F800D3D603 /* Release */ = {
			isa = XCBuildConfiguration;
			buildSettings = {
				ALWAYS_EMBED_SWIFT_STANDARD_LIBRARIES = YES;
				CODE_SIGN_STYLE = Automatic;
				CURRENT_PROJECT_VERSION = 1;
				DEVELOPMENT_TEAM = 346P793MFP;
				GENERATE_INFOPLIST_FILE = YES;
				MARKETING_VERSION = 1.0;
				PRODUCT_BUNDLE_IDENTIFIER = CS596.MyOwnCardialUITests;
				PRODUCT_NAME = "$(TARGET_NAME)";
				SWIFT_EMIT_LOC_STRINGS = NO;
				SWIFT_VERSION = 5.0;
				TARGETED_DEVICE_FAMILY = "1,2";
				TEST_TARGET_NAME = MyOwnCardial;
			};
			name = Release;
		};
/* End XCBuildConfiguration section */

/* Begin XCConfigurationList section */
		3453D63C29E5F0F700D3D603 /* Build configuration list for PBXProject "MyOwnCardial" */ = {
			isa = XCConfigurationList;
			buildConfigurations = (
				3453D66329E5F0F800D3D603 /* Debug */,
				3453D66429E5F0F800D3D603 /* Release */,
			);
			defaultConfigurationIsVisible = 0;
			defaultConfigurationName = Release;
		};
		3453D66529E5F0F800D3D603 /* Build configuration list for PBXNativeTarget "MyOwnCardial" */ = {
			isa = XCConfigurationList;
			buildConfigurations = (
				3453D66629E5F0F800D3D603 /* Debug */,
				3453D66729E5F0F800D3D603 /* Release */,
			);
			defaultConfigurationIsVisible = 0;
			defaultConfigurationName = Release;
		};
		3453D66829E5F0F800D3D603 /* Build configuration list for PBXNativeTarget "MyOwnCardialTests" */ = {
			isa = XCConfigurationList;
			buildConfigurations = (
				3453D66929E5F0F800D3D603 /* Debug */,
				3453D66A29E5F0F800D3D603 /* Release */,
			);
			defaultConfigurationIsVisible = 0;
			defaultConfigurationName = Release;
		};
		3453D66B29E5F0F800D3D603 /* Build configuration list for PBXNativeTarget "MyOwnCardialUITests" */ = {
			isa = XCConfigurationList;
			buildConfigurations = (
				3453D66C29E5F0F800D3D603 /* Debug */,
				3453D66D29E5F0F800D3D603 /* Release */,
			);
			defaultConfigurationIsVisible = 0;
			defaultConfigurationName = Release;
		};
/* End XCConfigurationList section */
	};
	rootObject = 3453D63929E5F0F700D3D603 /* Project object */;
}
